
Microsoft Visual Studio Solution File, Format Version 12.00
# Visual Studio Version 17
VisualStudioVersion = 17.11.35303.130
MinimumVisualStudioVersion = 10.0.40219.1
Project("{2150E333-8FDC-42A3-9474-1A3956D46DE8}") = "Services", "Services", "{CBE96650-DF38-4D92-B726-8C60125E5300}"
EndProject
Project("{2150E333-8FDC-42A3-9474-1A3956D46DE8}") = "Catalog", "Catalog", "{1D22A343-9310-49E8-AD60-682AC47ACF2F}"
EndProject
Project("{9A19103F-16F7-4668-BE54-9A1E7A4F7556}") = "Catalog.API", "Services\Catalog\Catalog.API\Catalog.API.csproj", "{53DFF546-57F5-4B77-BD02-AF1E1B5FCED3}"
EndProject
Project("{2150E333-8FDC-42A3-9474-1A3956D46DE8}") = "BuildingBlocks", "BuildingBlocks", "{4A3C850A-579D-4725-8F54-E4EDE11089C1}"
EndProject
Project("{9A19103F-16F7-4668-BE54-9A1E7A4F7556}") = "BuildingBlocks", "src\BuildingBlocks\BuildingBlocks\BuildingBlocks.csproj", "{82BC6D6D-B6AC-46E1-9932-8076A5C4C588}"
EndProject
Project("{E53339B2-1760-4266-BCC7-CA923CBCF16C}") = "docker-compose", "docker-compose.dcproj", "{7275CD83-750D-45AD-9AEE-954066E1AC56}"
EndProject
Project("{2150E333-8FDC-42A3-9474-1A3956D46DE8}") = "Basket", "Basket", "{AFD76C99-062B-4EF6-A607-018BA56F13AD}"
EndProject
Project("{FAE04EC0-301F-11D3-BF4B-00C04F79EFBC}") = "Basket.API", "Services\Basket\Basket.API\Basket.API.csproj", "{806DBF25-E33D-4B77-BA4F-7EA28406F8F7}"
EndProject
Global
	GlobalSection(SolutionConfigurationPlatforms) = preSolution
		Debug|Any CPU = Debug|Any CPU
		Release|Any CPU = Release|Any CPU
	EndGlobalSection
	GlobalSection(ProjectConfigurationPlatforms) = postSolution
		{53DFF546-57F5-4B77-BD02-AF1E1B5FCED3}.Debug|Any CPU.ActiveCfg = Debug|Any CPU
		{53DFF546-57F5-4B77-BD02-AF1E1B5FCED3}.Debug|Any CPU.Build.0 = Debug|Any CPU
		{53DFF546-57F5-4B77-BD02-AF1E1B5FCED3}.Release|Any CPU.ActiveCfg = Release|Any CPU
		{53DFF546-57F5-4B77-BD02-AF1E1B5FCED3}.Release|Any CPU.Build.0 = Release|Any CPU
		{82BC6D6D-B6AC-46E1-9932-8076A5C4C588}.Debug|Any CPU.ActiveCfg = Debug|Any CPU
		{82BC6D6D-B6AC-46E1-9932-8076A5C4C588}.Debug|Any CPU.Build.0 = Debug|Any CPU
		{82BC6D6D-B6AC-46E1-9932-8076A5C4C588}.Release|Any CPU.ActiveCfg = Release|Any CPU
		{82BC6D6D-B6AC-46E1-9932-8076A5C4C588}.Release|Any CPU.Build.0 = Release|Any CPU
		{7275CD83-750D-45AD-9AEE-954066E1AC56}.Debug|Any CPU.ActiveCfg = Debug|Any CPU
		{7275CD83-750D-45AD-9AEE-954066E1AC56}.Debug|Any CPU.Build.0 = Debug|Any CPU
		{7275CD83-750D-45AD-9AEE-954066E1AC56}.Release|Any CPU.ActiveCfg = Release|Any CPU
		{7275CD83-750D-45AD-9AEE-954066E1AC56}.Release|Any CPU.Build.0 = Release|Any CPU
		{806DBF25-E33D-4B77-BA4F-7EA28406F8F7}.Debug|Any CPU.ActiveCfg = Debug|Any CPU
		{806DBF25-E33D-4B77-BA4F-7EA28406F8F7}.Debug|Any CPU.Build.0 = Debug|Any CPU
		{806DBF25-E33D-4B77-BA4F-7EA28406F8F7}.Release|Any CPU.ActiveCfg = Release|Any CPU
		{806DBF25-E33D-4B77-BA4F-7EA28406F8F7}.Release|Any CPU.Build.0 = Release|Any CPU
	EndGlobalSection
	GlobalSection(SolutionProperties) = preSolution
		HideSolutionNode = FALSE
	EndGlobalSection
	GlobalSection(NestedProjects) = preSolution
		{1D22A343-9310-49E8-AD60-682AC47ACF2F} = {CBE96650-DF38-4D92-B726-8C60125E5300}
		{53DFF546-57F5-4B77-BD02-AF1E1B5FCED3} = {1D22A343-9310-49E8-AD60-682AC47ACF2F}
		{82BC6D6D-B6AC-46E1-9932-8076A5C4C588} = {4A3C850A-579D-4725-8F54-E4EDE11089C1}
		{AFD76C99-062B-4EF6-A607-018BA56F13AD} = {CBE96650-DF38-4D92-B726-8C60125E5300}
		{806DBF25-E33D-4B77-BA4F-7EA28406F8F7} = {AFD76C99-062B-4EF6-A607-018BA56F13AD}
	EndGlobalSection
	GlobalSection(ExtensibilityGlobals) = postSolution
		SolutionGuid = {2578158C-EC75-4B41-8911-17A32A643919}
	EndGlobalSection
EndGlobal
